
Microsoft Visual Studio Solution File, Format Version 12.00
# Visual Studio Version 16
VisualStudioVersion = 16.0.29306.81
MinimumVisualStudioVersion = 10.0.40219.1
Project("{FAE04EC0-301F-11D3-BF4B-00C04F79EFBC}") = "LightpointTestTask.WEB", "LightpointTestTask.WEB\LightpointTestTask.WEB.csproj", "{46F644E5-5B33-4A9D-83A8-F7BB96AD5374}"
EndProject
Project("{FAE04EC0-301F-11D3-BF4B-00C04F79EFBC}") = "LightpointTestTask.DAL", "LightpointTestTask.DAL\LightpointTestTask.DAL.csproj", "{35D350BB-159E-41D5-A704-2E49AB7E0F98}"
EndProject
Project("{FAE04EC0-301F-11D3-BF4B-00C04F79EFBC}") = "LightpointTestTask.BLL", "LightpointTestTask.BLL\LightpointTestTask.BLL.csproj", "{6DD843EC-9F80-4838-AF1B-43F3E7CCAAA5}"
EndProject
Global
	GlobalSection(SolutionConfigurationPlatforms) = preSolution
		Debug|Any CPU = Debug|Any CPU
		Release|Any CPU = Release|Any CPU
	EndGlobalSection
	GlobalSection(ProjectConfigurationPlatforms) = postSolution
		{46F644E5-5B33-4A9D-83A8-F7BB96AD5374}.Debug|Any CPU.ActiveCfg = Debug|Any CPU
		{46F644E5-5B33-4A9D-83A8-F7BB96AD5374}.Debug|Any CPU.Build.0 = Debug|Any CPU
		{46F644E5-5B33-4A9D-83A8-F7BB96AD5374}.Release|Any CPU.ActiveCfg = Release|Any CPU
		{46F644E5-5B33-4A9D-83A8-F7BB96AD5374}.Release|Any CPU.Build.0 = Release|Any CPU
		{35D350BB-159E-41D5-A704-2E49AB7E0F98}.Debug|Any CPU.ActiveCfg = Debug|Any CPU
		{35D350BB-159E-41D5-A704-2E49AB7E0F98}.Debug|Any CPU.Build.0 = Debug|Any CPU
		{35D350BB-159E-41D5-A704-2E49AB7E0F98}.Release|Any CPU.ActiveCfg = Release|Any CPU
		{35D350BB-159E-41D5-A704-2E49AB7E0F98}.Release|Any CPU.Build.0 = Release|Any CPU
		{6DD843EC-9F80-4838-AF1B-43F3E7CCAAA5}.Debug|Any CPU.ActiveCfg = Debug|Any CPU
		{6DD843EC-9F80-4838-AF1B-43F3E7CCAAA5}.Debug|Any CPU.Build.0 = Debug|Any CPU
		{6DD843EC-9F80-4838-AF1B-43F3E7CCAAA5}.Release|Any CPU.ActiveCfg = Release|Any CPU
		{6DD843EC-9F80-4838-AF1B-43F3E7CCAAA5}.Release|Any CPU.Build.0 = Release|Any CPU
	EndGlobalSection
	GlobalSection(SolutionProperties) = preSolution
		HideSolutionNode = FALSE
	EndGlobalSection
	GlobalSection(ExtensibilityGlobals) = postSolution
		SolutionGuid = {BC81B38B-011E-41E0-B4CA-FF39D494E6B8}
	EndGlobalSection
EndGlobal
